
Microsoft Visual Studio Solution File, Format Version 12.00
# Visual Studio Version 16
VisualStudioVersion = 16.0.31702.278
MinimumVisualStudioVersion = 10.0.40219.1
Project("{FAE04EC0-301F-11D3-BF4B-00C04F79EFBC}") = "CoreSample", "CoreSample\CoreSample.csproj", "{4E767E32-18D3-418A-B059-47E796CD9110}"
EndProject
Global
	GlobalSection(SolutionConfigurationPlatforms) = preSolution
		Debug|Any CPU = Debug|Any CPU
		Release|Any CPU = Release|Any CPU
	EndGlobalSection
	GlobalSection(ProjectConfigurationPlatforms) = postSolution
		{4E767E32-18D3-418A-B059-47E796CD9110}.Debug|Any CPU.ActiveCfg = Debug|Any CPU
		{4E767E32-18D3-418A-B059-47E796CD9110}.Debug|Any CPU.Build.0 = Debug|Any CPU
		{4E767E32-18D3-418A-B059-47E796CD9110}.Release|Any CPU.ActiveCfg = Release|Any CPU
		{4E767E32-18D3-418A-B059-47E796CD9110}.Release|Any CPU.Build.0 = Release|Any CPU
	EndGlobalSection
	GlobalSection(SolutionProperties) = preSolution
		HideSolutionNode = FALSE
	EndGlobalSection
	GlobalSection(ExtensibilityGlobals) = postSolution
		SolutionGuid = {B32FB614-40DB-4064-9BE5-7317D049805A}
	EndGlobalSection
EndGlobal
